PODS:
  - Alamofire (4.5.0)
  - AlamofireImage (3.2.0):
    - Alamofire (~> 4.1)
  - PKHUD (4.2.3)

DEPENDENCIES:
  - AlamofireImage (~> 3.1)
  - PKHUD (~> 4.0)

SPEC CHECKSUMS:
  Alamofire: f28cdffd29de33a7bfa022cbd63ae95a27fae140
  AlamofireImage: 157ed682cc81d3b9db4fb90c1f12180ac552d93b
  PKHUD: c7692163a09875cbf15827dc581df3c5cf7f1015

PODFILE CHECKSUM: ec5d2b17bcd80b6b87d73fb0e0710bc25bf96910

COCOAPODS: 1.2.1
